
Microsoft Visual Studio Solution File, Format Version 12.00
# Visual Studio Version 17
VisualStudioVersion = 17.12.35506.116
MinimumVisualStudioVersion = 10.0.40219.1
Project("{8BC9CEB8-8B4A-11D0-8D11-00A0C91BC942}") = "F02-03Quadratic", "CPP.vcxproj", "{FCCF7EEB-5ACF-448F-9845-2D3A780D1B6D}"
EndProject
Project("{8BC9CEB8-8B4A-11D0-8D11-00A0C91BC942}") = "F02-05error", "InterfacesAndImplementations\InterfacesAndImplementations.vcxproj", "{FB9EBD93-DF95-484B-B87D-A8DCDB1A96A8}"
EndProject
Project("{8BC9CEB8-8B4A-11D0-8D11-00A0C91BC942}") = "F02-06ExportEnum", "ExportEnum\ExportEnum.vcxproj", "{AA472B30-EF52-4BCE-975C-FA494EC3CAD3}"
EndProject
Project("{8BC9CEB8-8B4A-11D0-8D11-00A0C91BC942}") = "F02-08gmath", "gmath\gmath.vcxproj", "{CA180AC8-D328-43E8-A243-45705F0732A8}"
EndProject
Project("{8BC9CEB8-8B4A-11D0-8D11-00A0C91BC942}") = "F02-10RandTest", "RandTest\RandTest.vcxproj", "{4B871D89-AC86-4825-8DE5-948D897FC987}"
EndProject
Project("{8BC9CEB8-8B4A-11D0-8D11-00A0C91BC942}") = "E01.01", "E1.1\E1.1.vcxproj", "{6422D564-1B3B-4120-B103-35342B68360A}"
EndProject
Project("{8BC9CEB8-8B4A-11D0-8D11-00A0C91BC942}") = "E01.02", "E1.2\E1.2.vcxproj", "{A0488B9D-A509-49FB-903C-E072217F214D}"
EndProject
Project("{8BC9CEB8-8B4A-11D0-8D11-00A0C91BC942}") = "E01.03", "E1.3\E1.3.vcxproj", "{EA69AEA9-73BD-4116-8E15-768BE0C4AF0B}"
EndProject
Project("{8BC9CEB8-8B4A-11D0-8D11-00A0C91BC942}") = "E01.04", "E1.4\E1.4.vcxproj", "{22F428BC-FEAA-4BA6-BA21-6BF78C7E8214}"
EndProject
Project("{8BC9CEB8-8B4A-11D0-8D11-00A0C91BC942}") = "E01.05", "E1.5\E1.5.vcxproj", "{240E69F7-8834-47AD-ABD1-0B10CD76CB13}"
EndProject
Project("{8BC9CEB8-8B4A-11D0-8D11-00A0C91BC942}") = "E01.06", "E1.6\E1.6.vcxproj", "{20523435-2BC4-479B-BD0C-C75174C0D1A0}"
EndProject
Project("{8BC9CEB8-8B4A-11D0-8D11-00A0C91BC942}") = "E01.07", "E1.7\E1.7.vcxproj", "{8170C4F3-832A-4213-B120-E29D2D494E73}"
EndProject
Project("{8BC9CEB8-8B4A-11D0-8D11-00A0C91BC942}") = "E01.08", "E1.8\E1.8.vcxproj", "{BC3326E0-D140-49D3-82AF-7A346DD79EB5}"
EndProject
Project("{8BC9CEB8-8B4A-11D0-8D11-00A0C91BC942}") = "E01.09", "E1.9\E1.9.vcxproj", "{04D5E9DE-3EDF-4A94-AEC1-C6FC6361B0AA}"
EndProject
Project("{8BC9CEB8-8B4A-11D0-8D11-00A0C91BC942}") = "E01.10", "E1.10\E1.10.vcxproj", "{A531431B-4974-43D7-B80F-5D0D60F602BA}"
EndProject
Project("{8BC9CEB8-8B4A-11D0-8D11-00A0C91BC942}") = "E01.11", "E1.11\E1.11.vcxproj", "{75B2A2A9-FEC1-4F1E-BE8B-B092878AD48E}"
EndProject
Project("{8BC9CEB8-8B4A-11D0-8D11-00A0C91BC942}") = "E01.12", "E1.12\E1.12.vcxproj", "{B21A44EE-36E6-46B4-8A1E-822A3BBAF11F}"
EndProject
Project("{8BC9CEB8-8B4A-11D0-8D11-00A0C91BC942}") = "F02-15GraphicsExample", "F02-15GraphicsExample\F02-15GraphicsExample.vcxproj", "{85970844-25ED-4620-9DC6-C2689570F643}"
EndProject
Project("{8BC9CEB8-8B4A-11D0-8D11-00A0C91BC942}") = "E02-RandmTest", "E2-RandmTest\E2-RandmTest.vcxproj", "{C69DF1AD-E5E6-4DA2-AE19-DCB1ED4CE49E}"
EndProject
Project("{8BC9CEB8-8B4A-11D0-8D11-00A0C91BC942}") = "E02.01", "E02.01\E02.01.vcxproj", "{4FCE69DB-853C-4EDE-977C-D5B3B8EAFDBB}"
EndProject
Project("{8BC9CEB8-8B4A-11D0-8D11-00A0C91BC942}") = "E02.02", "E02.02\E02.02.vcxproj", "{67B9CD0C-8867-45F1-A5B3-F905F738BB67}"
EndProject
Project("{8BC9CEB8-8B4A-11D0-8D11-00A0C91BC942}") = "E02.03", "E02.03\E02.03.vcxproj", "{9F5265E0-BC75-47F5-847E-61FF8A39130E}"
EndProject
Project("{8BC9CEB8-8B4A-11D0-8D11-00A0C91BC942}") = "E02.04", "E02.04\E02.04.vcxproj", "{AA94E414-6E32-4006-B2CD-A9A9CBBE8ED7}"
EndProject
Project("{8BC9CEB8-8B4A-11D0-8D11-00A0C91BC942}") = "E02.05", "E02.05\E02.05.vcxproj", "{FB68CDE8-75E7-464F-9D66-1289D6635AD0}"
EndProject
Project("{8BC9CEB8-8B4A-11D0-8D11-00A0C91BC942}") = "E02.06", "E02.06\E02.06.vcxproj", "{151BB75F-1401-4B51-86CC-8656A2CF68F1}"
EndProject
Project("{8BC9CEB8-8B4A-11D0-8D11-00A0C91BC942}") = "E02.07", "E02.07\E02.07.vcxproj", "{E02CE4C8-827D-42E9-8FF8-2B18FD5DA693}"
EndProject
Project("{8BC9CEB8-8B4A-11D0-8D11-00A0C91BC942}") = "E02.09", "E02.09\E02.09.vcxproj", "{6AFC12C9-A75B-4FDD-BAB9-543E2A5FDC02}"
EndProject
Project("{8BC9CEB8-8B4A-11D0-8D11-00A0C91BC942}") = "E02.10", "E02.10\E02.10.vcxproj", "{6DC33BF4-BABE-461B-BA16-F10DB664DD4F}"
EndProject
Project("{8BC9CEB8-8B4A-11D0-8D11-00A0C91BC942}") = "E02.11", "E02.11\E02.11.vcxproj", "{7889423F-E28E-4A4B-8E92-474A89D6BA2C}"
EndProject
Project("{8BC9CEB8-8B4A-11D0-8D11-00A0C91BC942}") = "E02.12", "E02.12\E02.12.vcxproj", "{7DEF8D26-70C4-4826-BE26-83E49C2C4C6E}"
EndProject
Project("{8BC9CEB8-8B4A-11D0-8D11-00A0C91BC942}") = "E02.13", "E02.13\E02.13.vcxproj", "{4DF1D5B5-C68B-474A-8E16-D248563DC4B0}"
EndProject
Project("{8BC9CEB8-8B4A-11D0-8D11-00A0C91BC942}") = "E02.14", "E02.14\E02.14.vcxproj", "{D2F2ED8E-D08E-4ABF-99F1-4E07D0861055}"
EndProject
Project("{8BC9CEB8-8B4A-11D0-8D11-00A0C91BC942}") = "E02.15", "E02.15\E02.15.vcxproj", "{C6EBE2B5-3768-4FCE-BD6B-FE74F90AEC36}"
EndProject
Project("{8BC9CEB8-8B4A-11D0-8D11-00A0C91BC942}") = "F03-01", "F03-01\F03-01.vcxproj", "{D393163A-4932-43CA-9C30-B5B07E867AEF}"
EndProject
Project("{8BC9CEB8-8B4A-11D0-8D11-00A0C91BC942}") = "F-03-02", "F-03-02\F-03-02.vcxproj", "{F3DBC519-5041-4954-8C1A-774A5EF4E732}"
EndProject
Project("{8BC9CEB8-8B4A-11D0-8D11-00A0C91BC942}") = "E03.01", "E03.01\E03.01.vcxproj", "{19756A09-66CD-4469-8360-6A6F23295D1E}"
EndProject
Project("{8BC9CEB8-8B4A-11D0-8D11-00A0C91BC942}") = "E03.02", "E03.02\E03.02.vcxproj", "{A706D9F9-9E05-4666-AAF3-CA61CF122229}"
EndProject
Project("{8BC9CEB8-8B4A-11D0-8D11-00A0C91BC942}") = "E03.03", "E03.03\E03.03.vcxproj", "{4A84B2B9-DA19-435F-A4C9-4F9005A96300}"
EndProject
Project("{8BC9CEB8-8B4A-11D0-8D11-00A0C91BC942}") = "E03.04", "E03.04\E03.04.vcxproj", "{9B8BCDB1-4218-4651-8ADB-0C2CF4B8AF6D}"
EndProject
Project("{8BC9CEB8-8B4A-11D0-8D11-00A0C91BC942}") = "E03.05", "E03.05\E03.05.vcxproj", "{9DE91925-AA34-47CD-8AE4-7A409505B8C3}"
EndProject
Project("{8BC9CEB8-8B4A-11D0-8D11-00A0C91BC942}") = "E03.06", "E03.06\E03.06.vcxproj", "{C1918942-3756-4F6C-B8C3-F7D24BA676CA}"
EndProject
Project("{8BC9CEB8-8B4A-11D0-8D11-00A0C91BC942}") = "E03.07", "E03.07\E03.07.vcxproj", "{365B1819-081E-44B5-BFB9-DFD3917C93A1}"
EndProject
Project("{8BC9CEB8-8B4A-11D0-8D11-00A0C91BC942}") = "E03.08", "E03.08\E03.08.vcxproj", "{7FED2849-16C7-4E3E-B2ED-A2BCAEA11E7D}"
EndProject
Project("{8BC9CEB8-8B4A-11D0-8D11-00A0C91BC942}") = "E03.09", "E03.09\E03.09.vcxproj", "{50D855D5-B7BB-4348-9900-E76C2C9D2DBA}"
EndProject
Project("{8BC9CEB8-8B4A-11D0-8D11-00A0C91BC942}") = "E02.08", "E02.08\E02.08.vcxproj", "{CD9B5F47-3BD1-46C9-A9A8-1F1897DF1AC2}"
EndProject
Project("{8BC9CEB8-8B4A-11D0-8D11-00A0C91BC942}") = "E03.10", "E03.10\E03.10.vcxproj", "{4391D029-FE98-41C2-A937-8DFD78CB676C}"
EndProject
Project("{8BC9CEB8-8B4A-11D0-8D11-00A0C91BC942}") = "E03.11", "E03.11\E03.11.vcxproj", "{C31356C3-C450-4329-B5F6-12F87BBE5130}"
EndProject
Project("{8BC9CEB8-8B4A-11D0-8D11-00A0C91BC942}") = "E03.12", "E03.12\E03.12.vcxproj", "{7B649354-58A7-4ACE-83FC-6428CB2B59B0}"
EndProject
Project("{8BC9CEB8-8B4A-11D0-8D11-00A0C91BC942}") = "E03.13", "E03.13\E03.13.vcxproj", "{24EF5405-EDFA-4293-9C75-B4B8111F24A7}"
EndProject
Project("{8BC9CEB8-8B4A-11D0-8D11-00A0C91BC942}") = "E03.14", "E03.14\E03.14.vcxproj", "{3EDD2B97-5D60-4ED4-AF61-5A4C18F455AD}"
EndProject
Project("{8BC9CEB8-8B4A-11D0-8D11-00A0C91BC942}") = "E03.17", "E03.17\E03.17.vcxproj", "{39C0BE66-069D-4613-9AAE-4E43F4077052}"
EndProject
Project("{8BC9CEB8-8B4A-11D0-8D11-00A0C91BC942}") = "E03.18", "E03.18\E03.18.vcxproj", "{E67D4B2D-A1E7-45AB-83E9-04F53B19E352}"
EndProject
Project("{8BC9CEB8-8B4A-11D0-8D11-00A0C91BC942}") = "E03.20", "E03.20\E03.20.vcxproj", "{8CA0D1F8-EF6D-4498-A186-6446564F712B}"
EndProject
Project("{8BC9CEB8-8B4A-11D0-8D11-00A0C91BC942}") = "F04-01Setprecision", "F04-01Setprecision\F04-01Setprecision.vcxproj", "{566D5CBE-777B-4F08-9736-721CAB4CDF11}"
EndProject
Project("{8BC9CEB8-8B4A-11D0-8D11-00A0C91BC942}") = "F04-03showcContents", "F04-03showcContents\F04-03showcContents.vcxproj", "{74E471CB-1F6E-4A97-AF7E-5587FA569749}"
EndProject
Project("{8BC9CEB8-8B4A-11D0-8D11-00A0C91BC942}") = "全缓冲区", "全缓冲区\全缓冲区.vcxproj", "{1EDCE03F-95C7-4999-8088-9E3B1250D9EB}"
EndProject
Project("{8BC9CEB8-8B4A-11D0-8D11-00A0C91BC942}") = "E04.01", "E04.01\E04.01.vcxproj", "{C9EB38E5-54A8-44B9-9C9A-33496479D812}"
EndProject
Project("{8BC9CEB8-8B4A-11D0-8D11-00A0C91BC942}") = "E04.03", "E04.03\E04.03.vcxproj", "{294182DD-E35C-40EA-BEF0-91B2BB2E1ECA}"
EndProject
Project("{8BC9CEB8-8B4A-11D0-8D11-00A0C91BC942}") = "E04.04", "E04.04\E04.04.vcxproj", "{D11D4D8F-F510-4D1C-8C3D-6DF375B307D2}"
EndProject
Project("{8BC9CEB8-8B4A-11D0-8D11-00A0C91BC942}") = "E04.08", "E04.08\E04.08.vcxproj", "{78BC63ED-C603-4337-BA44-79F3E4C97F8B}"
EndProject
Project("{8BC9CEB8-8B4A-11D0-8D11-00A0C91BC942}") = "E04.09", "E04.09\E04.09.vcxproj", "{1035ECAD-87AB-49D1-88F4-A3A555FCA775}"
EndProject
Global
	GlobalSection(SolutionConfigurationPlatforms) = preSolution
		Debug|x64 = Debug|x64
		Debug|x86 = Debug|x86
		Release|x64 = Release|x64
		Release|x86 = Release|x86
	EndGlobalSection
	GlobalSection(ProjectConfigurationPlatforms) = postSolution
		{FCCF7EEB-5ACF-448F-9845-2D3A780D1B6D}.Debug|x64.ActiveCfg = Debug|x64
		{FCCF7EEB-5ACF-448F-9845-2D3A780D1B6D}.Debug|x64.Build.0 = Debug|x64
		{FCCF7EEB-5ACF-448F-9845-2D3A780D1B6D}.Debug|x86.ActiveCfg = Debug|Win32
		{FCCF7EEB-5ACF-448F-9845-2D3A780D1B6D}.Debug|x86.Build.0 = Debug|Win32
		{FCCF7EEB-5ACF-448F-9845-2D3A780D1B6D}.Release|x64.ActiveCfg = Release|x64
		{FCCF7EEB-5ACF-448F-9845-2D3A780D1B6D}.Release|x64.Build.0 = Release|x64
		{FCCF7EEB-5ACF-448F-9845-2D3A780D1B6D}.Release|x86.ActiveCfg = Release|Win32
		{FCCF7EEB-5ACF-448F-9845-2D3A780D1B6D}.Release|x86.Build.0 = Release|Win32
		{FB9EBD93-DF95-484B-B87D-A8DCDB1A96A8}.Debug|x64.ActiveCfg = Debug|x64
		{FB9EBD93-DF95-484B-B87D-A8DCDB1A96A8}.Debug|x64.Build.0 = Debug|x64
		{FB9EBD93-DF95-484B-B87D-A8DCDB1A96A8}.Debug|x86.ActiveCfg = Debug|Win32
		{FB9EBD93-DF95-484B-B87D-A8DCDB1A96A8}.Debug|x86.Build.0 = Debug|Win32
		{FB9EBD93-DF95-484B-B87D-A8DCDB1A96A8}.Release|x64.ActiveCfg = Release|x64
		{FB9EBD93-DF95-484B-B87D-A8DCDB1A96A8}.Release|x64.Build.0 = Release|x64
		{FB9EBD93-DF95-484B-B87D-A8DCDB1A96A8}.Release|x86.ActiveCfg = Release|Win32
		{FB9EBD93-DF95-484B-B87D-A8DCDB1A96A8}.Release|x86.Build.0 = Release|Win32
		{AA472B30-EF52-4BCE-975C-FA494EC3CAD3}.Debug|x64.ActiveCfg = Debug|x64
		{AA472B30-EF52-4BCE-975C-FA494EC3CAD3}.Debug|x64.Build.0 = Debug|x64
		{AA472B30-EF52-4BCE-975C-FA494EC3CAD3}.Debug|x86.ActiveCfg = Debug|Win32
		{AA472B30-EF52-4BCE-975C-FA494EC3CAD3}.Debug|x86.Build.0 = Debug|Win32
		{AA472B30-EF52-4BCE-975C-FA494EC3CAD3}.Release|x64.ActiveCfg = Release|x64
		{AA472B30-EF52-4BCE-975C-FA494EC3CAD3}.Release|x64.Build.0 = Release|x64
		{AA472B30-EF52-4BCE-975C-FA494EC3CAD3}.Release|x86.ActiveCfg = Release|Win32
		{AA472B30-EF52-4BCE-975C-FA494EC3CAD3}.Release|x86.Build.0 = Release|Win32
		{CA180AC8-D328-43E8-A243-45705F0732A8}.Debug|x64.ActiveCfg = Debug|x64
		{CA180AC8-D328-43E8-A243-45705F0732A8}.Debug|x64.Build.0 = Debug|x64
		{CA180AC8-D328-43E8-A243-45705F0732A8}.Debug|x86.ActiveCfg = Debug|Win32
		{CA180AC8-D328-43E8-A243-45705F0732A8}.Debug|x86.Build.0 = Debug|Win32
		{CA180AC8-D328-43E8-A243-45705F0732A8}.Release|x64.ActiveCfg = Release|x64
		{CA180AC8-D328-43E8-A243-45705F0732A8}.Release|x64.Build.0 = Release|x64
		{CA180AC8-D328-43E8-A243-45705F0732A8}.Release|x86.ActiveCfg = Release|Win32
		{CA180AC8-D328-43E8-A243-45705F0732A8}.Release|x86.Build.0 = Release|Win32
		{4B871D89-AC86-4825-8DE5-948D897FC987}.Debug|x64.ActiveCfg = Debug|x64
		{4B871D89-AC86-4825-8DE5-948D897FC987}.Debug|x64.Build.0 = Debug|x64
		{4B871D89-AC86-4825-8DE5-948D897FC987}.Debug|x86.ActiveCfg = Debug|Win32
		{4B871D89-AC86-4825-8DE5-948D897FC987}.Debug|x86.Build.0 = Debug|Win32
		{4B871D89-AC86-4825-8DE5-948D897FC987}.Release|x64.ActiveCfg = Release|x64
		{4B871D89-AC86-4825-8DE5-948D897FC987}.Release|x64.Build.0 = Release|x64
		{4B871D89-AC86-4825-8DE5-948D897FC987}.Release|x86.ActiveCfg = Release|Win32
		{4B871D89-AC86-4825-8DE5-948D897FC987}.Release|x86.Build.0 = Release|Win32
		{6422D564-1B3B-4120-B103-35342B68360A}.Debug|x64.ActiveCfg = Debug|x64
		{6422D564-1B3B-4120-B103-35342B68360A}.Debug|x64.Build.0 = Debug|x64
		{6422D564-1B3B-4120-B103-35342B68360A}.Debug|x86.ActiveCfg = Debug|Win32
		{6422D564-1B3B-4120-B103-35342B68360A}.Debug|x86.Build.0 = Debug|Win32
		{6422D564-1B3B-4120-B103-35342B68360A}.Release|x64.ActiveCfg = Release|x64
		{6422D564-1B3B-4120-B103-35342B68360A}.Release|x64.Build.0 = Release|x64
		{6422D564-1B3B-4120-B103-35342B68360A}.Release|x86.ActiveCfg = Release|Win32
		{6422D564-1B3B-4120-B103-35342B68360A}.Release|x86.Build.0 = Release|Win32
		{A0488B9D-A509-49FB-903C-E072217F214D}.Debug|x64.ActiveCfg = Debug|x64
		{A0488B9D-A509-49FB-903C-E072217F214D}.Debug|x64.Build.0 = Debug|x64
		{A0488B9D-A509-49FB-903C-E072217F214D}.Debug|x86.ActiveCfg = Debug|Win32
		{A0488B9D-A509-49FB-903C-E072217F214D}.Debug|x86.Build.0 = Debug|Win32
		{A0488B9D-A509-49FB-903C-E072217F214D}.Release|x64.ActiveCfg = Release|x64
		{A0488B9D-A509-49FB-903C-E072217F214D}.Release|x64.Build.0 = Release|x64
		{A0488B9D-A509-49FB-903C-E072217F214D}.Release|x86.ActiveCfg = Release|Win32
		{A0488B9D-A509-49FB-903C-E072217F214D}.Release|x86.Build.0 = Release|Win32
		{EA69AEA9-73BD-4116-8E15-768BE0C4AF0B}.Debug|x64.ActiveCfg = Debug|x64
		{EA69AEA9-73BD-4116-8E15-768BE0C4AF0B}.Debug|x64.Build.0 = Debug|x64
		{EA69AEA9-73BD-4116-8E15-768BE0C4AF0B}.Debug|x86.ActiveCfg = Debug|Win32
		{EA69AEA9-73BD-4116-8E15-768BE0C4AF0B}.Debug|x86.Build.0 = Debug|Win32
		{EA69AEA9-73BD-4116-8E15-768BE0C4AF0B}.Release|x64.ActiveCfg = Release|x64
		{EA69AEA9-73BD-4116-8E15-768BE0C4AF0B}.Release|x64.Build.0 = Release|x64
		{EA69AEA9-73BD-4116-8E15-768BE0C4AF0B}.Release|x86.ActiveCfg = Release|Win32
		{EA69AEA9-73BD-4116-8E15-768BE0C4AF0B}.Release|x86.Build.0 = Release|Win32
		{22F428BC-FEAA-4BA6-BA21-6BF78C7E8214}.Debug|x64.ActiveCfg = Debug|x64
		{22F428BC-FEAA-4BA6-BA21-6BF78C7E8214}.Debug|x64.Build.0 = Debug|x64
		{22F428BC-FEAA-4BA6-BA21-6BF78C7E8214}.Debug|x86.ActiveCfg = Debug|Win32
		{22F428BC-FEAA-4BA6-BA21-6BF78C7E8214}.Debug|x86.Build.0 = Debug|Win32
		{22F428BC-FEAA-4BA6-BA21-6BF78C7E8214}.Release|x64.ActiveCfg = Release|x64
		{22F428BC-FEAA-4BA6-BA21-6BF78C7E8214}.Release|x64.Build.0 = Release|x64
		{22F428BC-FEAA-4BA6-BA21-6BF78C7E8214}.Release|x86.ActiveCfg = Release|Win32
		{22F428BC-FEAA-4BA6-BA21-6BF78C7E8214}.Release|x86.Build.0 = Release|Win32
		{240E69F7-8834-47AD-ABD1-0B10CD76CB13}.Debug|x64.ActiveCfg = Debug|x64
		{240E69F7-8834-47AD-ABD1-0B10CD76CB13}.Debug|x64.Build.0 = Debug|x64
		{240E69F7-8834-47AD-ABD1-0B10CD76CB13}.Debug|x86.ActiveCfg = Debug|Win32
		{240E69F7-8834-47AD-ABD1-0B10CD76CB13}.Debug|x86.Build.0 = Debug|Win32
		{240E69F7-8834-47AD-ABD1-0B10CD76CB13}.Release|x64.ActiveCfg = Release|x64
		{240E69F7-8834-47AD-ABD1-0B10CD76CB13}.Release|x64.Build.0 = Release|x64
		{240E69F7-8834-47AD-ABD1-0B10CD76CB13}.Release|x86.ActiveCfg = Release|Win32
		{240E69F7-8834-47AD-ABD1-0B10CD76CB13}.Release|x86.Build.0 = Release|Win32
		{20523435-2BC4-479B-BD0C-C75174C0D1A0}.Debug|x64.ActiveCfg = Debug|x64
		{20523435-2BC4-479B-BD0C-C75174C0D1A0}.Debug|x64.Build.0 = Debug|x64
		{20523435-2BC4-479B-BD0C-C75174C0D1A0}.Debug|x86.ActiveCfg = Debug|Win32
		{20523435-2BC4-479B-BD0C-C75174C0D1A0}.Debug|x86.Build.0 = Debug|Win32
		{20523435-2BC4-479B-BD0C-C75174C0D1A0}.Release|x64.ActiveCfg = Release|x64
		{20523435-2BC4-479B-BD0C-C75174C0D1A0}.Release|x64.Build.0 = Release|x64
		{20523435-2BC4-479B-BD0C-C75174C0D1A0}.Release|x86.ActiveCfg = Release|Win32
		{20523435-2BC4-479B-BD0C-C75174C0D1A0}.Release|x86.Build.0 = Release|Win32
		{8170C4F3-832A-4213-B120-E29D2D494E73}.Debug|x64.ActiveCfg = Debug|x64
		{8170C4F3-832A-4213-B120-E29D2D494E73}.Debug|x64.Build.0 = Debug|x64
		{8170C4F3-832A-4213-B120-E29D2D494E73}.Debug|x86.ActiveCfg = Debug|Win32
		{8170C4F3-832A-4213-B120-E29D2D494E73}.Debug|x86.Build.0 = Debug|Win32
		{8170C4F3-832A-4213-B120-E29D2D494E73}.Release|x64.ActiveCfg = Release|x64
		{8170C4F3-832A-4213-B120-E29D2D494E73}.Release|x64.Build.0 = Release|x64
		{8170C4F3-832A-4213-B120-E29D2D494E73}.Release|x86.ActiveCfg = Release|Win32
		{8170C4F3-832A-4213-B120-E29D2D494E73}.Release|x86.Build.0 = Release|Win32
		{BC3326E0-D140-49D3-82AF-7A346DD79EB5}.Debug|x64.ActiveCfg = Debug|x64
		{BC3326E0-D140-49D3-82AF-7A346DD79EB5}.Debug|x64.Build.0 = Debug|x64
		{BC3326E0-D140-49D3-82AF-7A346DD79EB5}.Debug|x86.ActiveCfg = Debug|Win32
		{BC3326E0-D140-49D3-82AF-7A346DD79EB5}.Debug|x86.Build.0 = Debug|Win32
		{BC3326E0-D140-49D3-82AF-7A346DD79EB5}.Release|x64.ActiveCfg = Release|x64
		{BC3326E0-D140-49D3-82AF-7A346DD79EB5}.Release|x64.Build.0 = Release|x64
		{BC3326E0-D140-49D3-82AF-7A346DD79EB5}.Release|x86.ActiveCfg = Release|Win32
		{BC3326E0-D140-49D3-82AF-7A346DD79EB5}.Release|x86.Build.0 = Release|Win32
		{04D5E9DE-3EDF-4A94-AEC1-C6FC6361B0AA}.Debug|x64.ActiveCfg = Debug|x64
		{04D5E9DE-3EDF-4A94-AEC1-C6FC6361B0AA}.Debug|x64.Build.0 = Debug|x64
		{04D5E9DE-3EDF-4A94-AEC1-C6FC6361B0AA}.Debug|x86.ActiveCfg = Debug|Win32
		{04D5E9DE-3EDF-4A94-AEC1-C6FC6361B0AA}.Debug|x86.Build.0 = Debug|Win32
		{04D5E9DE-3EDF-4A94-AEC1-C6FC6361B0AA}.Release|x64.ActiveCfg = Release|x64
		{04D5E9DE-3EDF-4A94-AEC1-C6FC6361B0AA}.Release|x64.Build.0 = Release|x64
		{04D5E9DE-3EDF-4A94-AEC1-C6FC6361B0AA}.Release|x86.ActiveCfg = Release|Win32
		{04D5E9DE-3EDF-4A94-AEC1-C6FC6361B0AA}.Release|x86.Build.0 = Release|Win32
		{A531431B-4974-43D7-B80F-5D0D60F602BA}.Debug|x64.ActiveCfg = Debug|x64
		{A531431B-4974-43D7-B80F-5D0D60F602BA}.Debug|x64.Build.0 = Debug|x64
		{A531431B-4974-43D7-B80F-5D0D60F602BA}.Debug|x86.ActiveCfg = Debug|Win32
		{A531431B-4974-43D7-B80F-5D0D60F602BA}.Debug|x86.Build.0 = Debug|Win32
		{A531431B-4974-43D7-B80F-5D0D60F602BA}.Release|x64.ActiveCfg = Release|x64
		{A531431B-4974-43D7-B80F-5D0D60F602BA}.Release|x64.Build.0 = Release|x64
		{A531431B-4974-43D7-B80F-5D0D60F602BA}.Release|x86.ActiveCfg = Release|Win32
		{A531431B-4974-43D7-B80F-5D0D60F602BA}.Release|x86.Build.0 = Release|Win32
		{75B2A2A9-FEC1-4F1E-BE8B-B092878AD48E}.Debug|x64.ActiveCfg = Debug|x64
		{75B2A2A9-FEC1-4F1E-BE8B-B092878AD48E}.Debug|x64.Build.0 = Debug|x64
		{75B2A2A9-FEC1-4F1E-BE8B-B092878AD48E}.Debug|x86.ActiveCfg = Debug|Win32
		{75B2A2A9-FEC1-4F1E-BE8B-B092878AD48E}.Debug|x86.Build.0 = Debug|Win32
		{75B2A2A9-FEC1-4F1E-BE8B-B092878AD48E}.Release|x64.ActiveCfg = Release|x64
		{75B2A2A9-FEC1-4F1E-BE8B-B092878AD48E}.Release|x64.Build.0 = Release|x64
		{75B2A2A9-FEC1-4F1E-BE8B-B092878AD48E}.Release|x86.ActiveCfg = Release|Win32
		{75B2A2A9-FEC1-4F1E-BE8B-B092878AD48E}.Release|x86.Build.0 = Release|Win32
		{B21A44EE-36E6-46B4-8A1E-822A3BBAF11F}.Debug|x64.ActiveCfg = Debug|x64
		{B21A44EE-36E6-46B4-8A1E-822A3BBAF11F}.Debug|x64.Build.0 = Debug|x64
		{B21A44EE-36E6-46B4-8A1E-822A3BBAF11F}.Debug|x86.ActiveCfg = Debug|Win32
		{B21A44EE-36E6-46B4-8A1E-822A3BBAF11F}.Debug|x86.Build.0 = Debug|Win32
		{B21A44EE-36E6-46B4-8A1E-822A3BBAF11F}.Release|x64.ActiveCfg = Release|x64
		{B21A44EE-36E6-46B4-8A1E-822A3BBAF11F}.Release|x64.Build.0 = Release|x64
		{B21A44EE-36E6-46B4-8A1E-822A3BBAF11F}.Release|x86.ActiveCfg = Release|Win32
		{B21A44EE-36E6-46B4-8A1E-822A3BBAF11F}.Release|x86.Build.0 = Release|Win32
		{85970844-25ED-4620-9DC6-C2689570F643}.Debug|x64.ActiveCfg = Debug|x64
		{85970844-25ED-4620-9DC6-C2689570F643}.Debug|x64.Build.0 = Debug|x64
		{85970844-25ED-4620-9DC6-C2689570F643}.Debug|x86.ActiveCfg = Debug|Win32
		{85970844-25ED-4620-9DC6-C2689570F643}.Debug|x86.Build.0 = Debug|Win32
		{85970844-25ED-4620-9DC6-C2689570F643}.Release|x64.ActiveCfg = Release|x64
		{85970844-25ED-4620-9DC6-C2689570F643}.Release|x64.Build.0 = Release|x64
		{85970844-25ED-4620-9DC6-C2689570F643}.Release|x86.ActiveCfg = Release|Win32
		{85970844-25ED-4620-9DC6-C2689570F643}.Release|x86.Build.0 = Release|Win32
		{C69DF1AD-E5E6-4DA2-AE19-DCB1ED4CE49E}.Debug|x64.ActiveCfg = Debug|x64
		{C69DF1AD-E5E6-4DA2-AE19-DCB1ED4CE49E}.Debug|x64.Build.0 = Debug|x64
		{C69DF1AD-E5E6-4DA2-AE19-DCB1ED4CE49E}.Debug|x86.ActiveCfg = Debug|Win32
		{C69DF1AD-E5E6-4DA2-AE19-DCB1ED4CE49E}.Debug|x86.Build.0 = Debug|Win32
		{C69DF1AD-E5E6-4DA2-AE19-DCB1ED4CE49E}.Release|x64.ActiveCfg = Release|x64
		{C69DF1AD-E5E6-4DA2-AE19-DCB1ED4CE49E}.Release|x64.Build.0 = Release|x64
		{C69DF1AD-E5E6-4DA2-AE19-DCB1ED4CE49E}.Release|x86.ActiveCfg = Release|Win32
		{C69DF1AD-E5E6-4DA2-AE19-DCB1ED4CE49E}.Release|x86.Build.0 = Release|Win32
		{4FCE69DB-853C-4EDE-977C-D5B3B8EAFDBB}.Debug|x64.ActiveCfg = Debug|x64
		{4FCE69DB-853C-4EDE-977C-D5B3B8EAFDBB}.Debug|x64.Build.0 = Debug|x64
		{4FCE69DB-853C-4EDE-977C-D5B3B8EAFDBB}.Debug|x86.ActiveCfg = Debug|Win32
		{4FCE69DB-853C-4EDE-977C-D5B3B8EAFDBB}.Debug|x86.Build.0 = Debug|Win32
		{4FCE69DB-853C-4EDE-977C-D5B3B8EAFDBB}.Release|x64.ActiveCfg = Release|x64
		{4FCE69DB-853C-4EDE-977C-D5B3B8EAFDBB}.Release|x64.Build.0 = Release|x64
		{4FCE69DB-853C-4EDE-977C-D5B3B8EAFDBB}.Release|x86.ActiveCfg = Release|Win32
		{4FCE69DB-853C-4EDE-977C-D5B3B8EAFDBB}.Release|x86.Build.0 = Release|Win32
		{67B9CD0C-8867-45F1-A5B3-F905F738BB67}.Debug|x64.ActiveCfg = Debug|x64
		{67B9CD0C-8867-45F1-A5B3-F905F738BB67}.Debug|x64.Build.0 = Debug|x64
		{67B9CD0C-8867-45F1-A5B3-F905F738BB67}.Debug|x86.ActiveCfg = Debug|Win32
		{67B9CD0C-8867-45F1-A5B3-F905F738BB67}.Debug|x86.Build.0 = Debug|Win32
		{67B9CD0C-8867-45F1-A5B3-F905F738BB67}.Release|x64.ActiveCfg = Release|x64
		{67B9CD0C-8867-45F1-A5B3-F905F738BB67}.Release|x64.Build.0 = Release|x64
		{67B9CD0C-8867-45F1-A5B3-F905F738BB67}.Release|x86.ActiveCfg = Release|Win32
		{67B9CD0C-8867-45F1-A5B3-F905F738BB67}.Release|x86.Build.0 = Release|Win32
		{9F5265E0-BC75-47F5-847E-61FF8A39130E}.Debug|x64.ActiveCfg = Debug|x64
		{9F5265E0-BC75-47F5-847E-61FF8A39130E}.Debug|x64.Build.0 = Debug|x64
		{9F5265E0-BC75-47F5-847E-61FF8A39130E}.Debug|x86.ActiveCfg = Debug|Win32
		{9F5265E0-BC75-47F5-847E-61FF8A39130E}.Debug|x86.Build.0 = Debug|Win32
		{9F5265E0-BC75-47F5-847E-61FF8A39130E}.Release|x64.ActiveCfg = Release|x64
		{9F5265E0-BC75-47F5-847E-61FF8A39130E}.Release|x64.Build.0 = Release|x64
		{9F5265E0-BC75-47F5-847E-61FF8A39130E}.Release|x86.ActiveCfg = Release|Win32
		{9F5265E0-BC75-47F5-847E-61FF8A39130E}.Release|x86.Build.0 = Release|Win32
		{AA94E414-6E32-4006-B2CD-A9A9CBBE8ED7}.Debug|x64.ActiveCfg = Debug|x64
		{AA94E414-6E32-4006-B2CD-A9A9CBBE8ED7}.Debug|x64.Build.0 = Debug|x64
		{AA94E414-6E32-4006-B2CD-A9A9CBBE8ED7}.Debug|x86.ActiveCfg = Debug|Win32
		{AA94E414-6E32-4006-B2CD-A9A9CBBE8ED7}.Debug|x86.Build.0 = Debug|Win32
		{AA94E414-6E32-4006-B2CD-A9A9CBBE8ED7}.Release|x64.ActiveCfg = Release|x64
		{AA94E414-6E32-4006-B2CD-A9A9CBBE8ED7}.Release|x64.Build.0 = Release|x64
		{AA94E414-6E32-4006-B2CD-A9A9CBBE8ED7}.Release|x86.ActiveCfg = Release|Win32
		{AA94E414-6E32-4006-B2CD-A9A9CBBE8ED7}.Release|x86.Build.0 = Release|Win32
		{FB68CDE8-75E7-464F-9D66-1289D6635AD0}.Debug|x64.ActiveCfg = Debug|x64
		{FB68CDE8-75E7-464F-9D66-1289D6635AD0}.Debug|x64.Build.0 = Debug|x64
		{FB68CDE8-75E7-464F-9D66-1289D6635AD0}.Debug|x86.ActiveCfg = Debug|Win32
		{FB68CDE8-75E7-464F-9D66-1289D6635AD0}.Debug|x86.Build.0 = Debug|Win32
		{FB68CDE8-75E7-464F-9D66-1289D6635AD0}.Release|x64.ActiveCfg = Release|x64
		{FB68CDE8-75E7-464F-9D66-1289D6635AD0}.Release|x64.Build.0 = Release|x64
		{FB68CDE8-75E7-464F-9D66-1289D6635AD0}.Release|x86.ActiveCfg = Release|Win32
		{FB68CDE8-75E7-464F-9D66-1289D6635AD0}.Release|x86.Build.0 = Release|Win32
		{151BB75F-1401-4B51-86CC-8656A2CF68F1}.Debug|x64.ActiveCfg = Debug|x64
		{151BB75F-1401-4B51-86CC-8656A2CF68F1}.Debug|x64.Build.0 = Debug|x64
		{151BB75F-1401-4B51-86CC-8656A2CF68F1}.Debug|x86.ActiveCfg = Debug|Win32
		{151BB75F-1401-4B51-86CC-8656A2CF68F1}.Debug|x86.Build.0 = Debug|Win32
		{151BB75F-1401-4B51-86CC-8656A2CF68F1}.Release|x64.ActiveCfg = Release|x64
		{151BB75F-1401-4B51-86CC-8656A2CF68F1}.Release|x64.Build.0 = Release|x64
		{151BB75F-1401-4B51-86CC-8656A2CF68F1}.Release|x86.ActiveCfg = Release|Win32
		{151BB75F-1401-4B51-86CC-8656A2CF68F1}.Release|x86.Build.0 = Release|Win32
		{E02CE4C8-827D-42E9-8FF8-2B18FD5DA693}.Debug|x64.ActiveCfg = Debug|x64
		{E02CE4C8-827D-42E9-8FF8-2B18FD5DA693}.Debug|x64.Build.0 = Debug|x64
		{E02CE4C8-827D-42E9-8FF8-2B18FD5DA693}.Debug|x86.ActiveCfg = Debug|Win32
		{E02CE4C8-827D-42E9-8FF8-2B18FD5DA693}.Debug|x86.Build.0 = Debug|Win32
		{E02CE4C8-827D-42E9-8FF8-2B18FD5DA693}.Release|x64.ActiveCfg = Release|x64
		{E02CE4C8-827D-42E9-8FF8-2B18FD5DA693}.Release|x64.Build.0 = Release|x64
		{E02CE4C8-827D-42E9-8FF8-2B18FD5DA693}.Release|x86.ActiveCfg = Release|Win32
		{E02CE4C8-827D-42E9-8FF8-2B18FD5DA693}.Release|x86.Build.0 = Release|Win32
		{6AFC12C9-A75B-4FDD-BAB9-543E2A5FDC02}.Debug|x64.ActiveCfg = Debug|x64
		{6AFC12C9-A75B-4FDD-BAB9-543E2A5FDC02}.Debug|x64.Build.0 = Debug|x64
		{6AFC12C9-A75B-4FDD-BAB9-543E2A5FDC02}.Debug|x86.ActiveCfg = Debug|Win32
		{6AFC12C9-A75B-4FDD-BAB9-543E2A5FDC02}.Debug|x86.Build.0 = Debug|Win32
		{6AFC12C9-A75B-4FDD-BAB9-543E2A5FDC02}.Release|x64.ActiveCfg = Release|x64
		{6AFC12C9-A75B-4FDD-BAB9-543E2A5FDC02}.Release|x64.Build.0 = Release|x64
		{6AFC12C9-A75B-4FDD-BAB9-543E2A5FDC02}.Release|x86.ActiveCfg = Release|Win32
		{6AFC12C9-A75B-4FDD-BAB9-543E2A5FDC02}.Release|x86.Build.0 = Release|Win32
		{6DC33BF4-BABE-461B-BA16-F10DB664DD4F}.Debug|x64.ActiveCfg = Debug|x64
		{6DC33BF4-BABE-461B-BA16-F10DB664DD4F}.Debug|x64.Build.0 = Debug|x64
		{6DC33BF4-BABE-461B-BA16-F10DB664DD4F}.Debug|x86.ActiveCfg = Debug|Win32
		{6DC33BF4-BABE-461B-BA16-F10DB664DD4F}.Debug|x86.Build.0 = Debug|Win32
		{6DC33BF4-BABE-461B-BA16-F10DB664DD4F}.Release|x64.ActiveCfg = Release|x64
		{6DC33BF4-BABE-461B-BA16-F10DB664DD4F}.Release|x64.Build.0 = Release|x64
		{6DC33BF4-BABE-461B-BA16-F10DB664DD4F}.Release|x86.ActiveCfg = Release|Win32
		{6DC33BF4-BABE-461B-BA16-F10DB664DD4F}.Release|x86.Build.0 = Release|Win32
		{7889423F-E28E-4A4B-8E92-474A89D6BA2C}.Debug|x64.ActiveCfg = Debug|x64
		{7889423F-E28E-4A4B-8E92-474A89D6BA2C}.Debug|x64.Build.0 = Debug|x64
		{7889423F-E28E-4A4B-8E92-474A89D6BA2C}.Debug|x86.ActiveCfg = Debug|Win32
		{7889423F-E28E-4A4B-8E92-474A89D6BA2C}.Debug|x86.Build.0 = Debug|Win32
		{7889423F-E28E-4A4B-8E92-474A89D6BA2C}.Release|x64.ActiveCfg = Release|x64
		{7889423F-E28E-4A4B-8E92-474A89D6BA2C}.Release|x64.Build.0 = Release|x64
		{7889423F-E28E-4A4B-8E92-474A89D6BA2C}.Release|x86.ActiveCfg = Release|Win32
		{7889423F-E28E-4A4B-8E92-474A89D6BA2C}.Release|x86.Build.0 = Release|Win32
		{7DEF8D26-70C4-4826-BE26-83E49C2C4C6E}.Debug|x64.ActiveCfg = Debug|x64
		{7DEF8D26-70C4-4826-BE26-83E49C2C4C6E}.Debug|x64.Build.0 = Debug|x64
		{7DEF8D26-70C4-4826-BE26-83E49C2C4C6E}.Debug|x86.ActiveCfg = Debug|Win32
		{7DEF8D26-70C4-4826-BE26-83E49C2C4C6E}.Debug|x86.Build.0 = Debug|Win32
		{7DEF8D26-70C4-4826-BE26-83E49C2C4C6E}.Release|x64.ActiveCfg = Release|x64
		{7DEF8D26-70C4-4826-BE26-83E49C2C4C6E}.Release|x64.Build.0 = Release|x64
		{7DEF8D26-70C4-4826-BE26-83E49C2C4C6E}.Release|x86.ActiveCfg = Release|Win32
		{7DEF8D26-70C4-4826-BE26-83E49C2C4C6E}.Release|x86.Build.0 = Release|Win32
		{4DF1D5B5-C68B-474A-8E16-D248563DC4B0}.Debug|x64.ActiveCfg = Debug|x64
		{4DF1D5B5-C68B-474A-8E16-D248563DC4B0}.Debug|x64.Build.0 = Debug|x64
		{4DF1D5B5-C68B-474A-8E16-D248563DC4B0}.Debug|x86.ActiveCfg = Debug|Win32
		{4DF1D5B5-C68B-474A-8E16-D248563DC4B0}.Debug|x86.Build.0 = Debug|Win32
		{4DF1D5B5-C68B-474A-8E16-D248563DC4B0}.Release|x64.ActiveCfg = Release|x64
		{4DF1D5B5-C68B-474A-8E16-D248563DC4B0}.Release|x64.Build.0 = Release|x64
		{4DF1D5B5-C68B-474A-8E16-D248563DC4B0}.Release|x86.ActiveCfg = Release|Win32
		{4DF1D5B5-C68B-474A-8E16-D248563DC4B0}.Release|x86.Build.0 = Release|Win32
		{D2F2ED8E-D08E-4ABF-99F1-4E07D0861055}.Debug|x64.ActiveCfg = Debug|x64
		{D2F2ED8E-D08E-4ABF-99F1-4E07D0861055}.Debug|x64.Build.0 = Debug|x64
		{D2F2ED8E-D08E-4ABF-99F1-4E07D0861055}.Debug|x86.ActiveCfg = Debug|Win32
		{D2F2ED8E-D08E-4ABF-99F1-4E07D0861055}.Debug|x86.Build.0 = Debug|Win32
		{D2F2ED8E-D08E-4ABF-99F1-4E07D0861055}.Release|x64.ActiveCfg = Release|x64
		{D2F2ED8E-D08E-4ABF-99F1-4E07D0861055}.Release|x64.Build.0 = Release|x64
		{D2F2ED8E-D08E-4ABF-99F1-4E07D0861055}.Release|x86.ActiveCfg = Release|Win32
		{D2F2ED8E-D08E-4ABF-99F1-4E07D0861055}.Release|x86.Build.0 = Release|Win32
		{C6EBE2B5-3768-4FCE-BD6B-FE74F90AEC36}.Debug|x64.ActiveCfg = Debug|x64
		{C6EBE2B5-3768-4FCE-BD6B-FE74F90AEC36}.Debug|x64.Build.0 = Debug|x64
		{C6EBE2B5-3768-4FCE-BD6B-FE74F90AEC36}.Debug|x86.ActiveCfg = Debug|Win32
		{C6EBE2B5-3768-4FCE-BD6B-FE74F90AEC36}.Debug|x86.Build.0 = Debug|Win32
		{C6EBE2B5-3768-4FCE-BD6B-FE74F90AEC36}.Release|x64.ActiveCfg = Release|x64
		{C6EBE2B5-3768-4FCE-BD6B-FE74F90AEC36}.Release|x64.Build.0 = Release|x64
		{C6EBE2B5-3768-4FCE-BD6B-FE74F90AEC36}.Release|x86.ActiveCfg = Release|Win32
		{C6EBE2B5-3768-4FCE-BD6B-FE74F90AEC36}.Release|x86.Build.0 = Release|Win32
		{D393163A-4932-43CA-9C30-B5B07E867AEF}.Debug|x64.ActiveCfg = Debug|x64
		{D393163A-4932-43CA-9C30-B5B07E867AEF}.Debug|x64.Build.0 = Debug|x64
		{D393163A-4932-43CA-9C30-B5B07E867AEF}.Debug|x86.ActiveCfg = Debug|Win32
		{D393163A-4932-43CA-9C30-B5B07E867AEF}.Debug|x86.Build.0 = Debug|Win32
		{D393163A-4932-43CA-9C30-B5B07E867AEF}.Release|x64.ActiveCfg = Release|x64
		{D393163A-4932-43CA-9C30-B5B07E867AEF}.Release|x64.Build.0 = Release|x64
		{D393163A-4932-43CA-9C30-B5B07E867AEF}.Release|x86.ActiveCfg = Release|Win32
		{D393163A-4932-43CA-9C30-B5B07E867AEF}.Release|x86.Build.0 = Release|Win32
		{F3DBC519-5041-4954-8C1A-774A5EF4E732}.Debug|x64.ActiveCfg = Debug|x64
		{F3DBC519-5041-4954-8C1A-774A5EF4E732}.Debug|x64.Build.0 = Debug|x64
		{F3DBC519-5041-4954-8C1A-774A5EF4E732}.Debug|x86.ActiveCfg = Debug|Win32
		{F3DBC519-5041-4954-8C1A-774A5EF4E732}.Debug|x86.Build.0 = Debug|Win32
		{F3DBC519-5041-4954-8C1A-774A5EF4E732}.Release|x64.ActiveCfg = Release|x64
		{F3DBC519-5041-4954-8C1A-774A5EF4E732}.Release|x64.Build.0 = Release|x64
		{F3DBC519-5041-4954-8C1A-774A5EF4E732}.Release|x86.ActiveCfg = Release|Win32
		{F3DBC519-5041-4954-8C1A-774A5EF4E732}.Release|x86.Build.0 = Release|Win32
		{19756A09-66CD-4469-8360-6A6F23295D1E}.Debug|x64.ActiveCfg = Debug|x64
		{19756A09-66CD-4469-8360-6A6F23295D1E}.Debug|x64.Build.0 = Debug|x64
		{19756A09-66CD-4469-8360-6A6F23295D1E}.Debug|x86.ActiveCfg = Debug|Win32
		{19756A09-66CD-4469-8360-6A6F23295D1E}.Debug|x86.Build.0 = Debug|Win32
		{19756A09-66CD-4469-8360-6A6F23295D1E}.Release|x64.ActiveCfg = Release|x64
		{19756A09-66CD-4469-8360-6A6F23295D1E}.Release|x64.Build.0 = Release|x64
		{19756A09-66CD-4469-8360-6A6F23295D1E}.Release|x86.ActiveCfg = Release|Win32
		{19756A09-66CD-4469-8360-6A6F23295D1E}.Release|x86.Build.0 = Release|Win32
		{A706D9F9-9E05-4666-AAF3-CA61CF122229}.Debug|x64.ActiveCfg = Debug|x64
		{A706D9F9-9E05-4666-AAF3-CA61CF122229}.Debug|x64.Build.0 = Debug|x64
		{A706D9F9-9E05-4666-AAF3-CA61CF122229}.Debug|x86.ActiveCfg = Debug|Win32
		{A706D9F9-9E05-4666-AAF3-CA61CF122229}.Debug|x86.Build.0 = Debug|Win32
		{A706D9F9-9E05-4666-AAF3-CA61CF122229}.Release|x64.ActiveCfg = Release|x64
		{A706D9F9-9E05-4666-AAF3-CA61CF122229}.Release|x64.Build.0 = Release|x64
		{A706D9F9-9E05-4666-AAF3-CA61CF122229}.Release|x86.ActiveCfg = Release|Win32
		{A706D9F9-9E05-4666-AAF3-CA61CF122229}.Release|x86.Build.0 = Release|Win32
		{4A84B2B9-DA19-435F-A4C9-4F9005A96300}.Debug|x64.ActiveCfg = Debug|x64
		{4A84B2B9-DA19-435F-A4C9-4F9005A96300}.Debug|x64.Build.0 = Debug|x64
		{4A84B2B9-DA19-435F-A4C9-4F9005A96300}.Debug|x86.ActiveCfg = Debug|Win32
		{4A84B2B9-DA19-435F-A4C9-4F9005A96300}.Debug|x86.Build.0 = Debug|Win32
		{4A84B2B9-DA19-435F-A4C9-4F9005A96300}.Release|x64.ActiveCfg = Release|x64
		{4A84B2B9-DA19-435F-A4C9-4F9005A96300}.Release|x64.Build.0 = Release|x64
		{4A84B2B9-DA19-435F-A4C9-4F9005A96300}.Release|x86.ActiveCfg = Release|Win32
		{4A84B2B9-DA19-435F-A4C9-4F9005A96300}.Release|x86.Build.0 = Release|Win32
		{9B8BCDB1-4218-4651-8ADB-0C2CF4B8AF6D}.Debug|x64.ActiveCfg = Debug|x64
		{9B8BCDB1-4218-4651-8ADB-0C2CF4B8AF6D}.Debug|x64.Build.0 = Debug|x64
		{9B8BCDB1-4218-4651-8ADB-0C2CF4B8AF6D}.Debug|x86.ActiveCfg = Debug|Win32
		{9B8BCDB1-4218-4651-8ADB-0C2CF4B8AF6D}.Debug|x86.Build.0 = Debug|Win32
		{9B8BCDB1-4218-4651-8ADB-0C2CF4B8AF6D}.Release|x64.ActiveCfg = Release|x64
		{9B8BCDB1-4218-4651-8ADB-0C2CF4B8AF6D}.Release|x64.Build.0 = Release|x64
		{9B8BCDB1-4218-4651-8ADB-0C2CF4B8AF6D}.Release|x86.ActiveCfg = Release|Win32
		{9B8BCDB1-4218-4651-8ADB-0C2CF4B8AF6D}.Release|x86.Build.0 = Release|Win32
		{9DE91925-AA34-47CD-8AE4-7A409505B8C3}.Debug|x64.ActiveCfg = Debug|x64
		{9DE91925-AA34-47CD-8AE4-7A409505B8C3}.Debug|x64.Build.0 = Debug|x64
		{9DE91925-AA34-47CD-8AE4-7A409505B8C3}.Debug|x86.ActiveCfg = Debug|Win32
		{9DE91925-AA34-47CD-8AE4-7A409505B8C3}.Debug|x86.Build.0 = Debug|Win32
		{9DE91925-AA34-47CD-8AE4-7A409505B8C3}.Release|x64.ActiveCfg = Release|x64
		{9DE91925-AA34-47CD-8AE4-7A409505B8C3}.Release|x64.Build.0 = Release|x64
		{9DE91925-AA34-47CD-8AE4-7A409505B8C3}.Release|x86.ActiveCfg = Release|Win32
		{9DE91925-AA34-47CD-8AE4-7A409505B8C3}.Release|x86.Build.0 = Release|Win32
		{C1918942-3756-4F6C-B8C3-F7D24BA676CA}.Debug|x64.ActiveCfg = Debug|x64
		{C1918942-3756-4F6C-B8C3-F7D24BA676CA}.Debug|x64.Build.0 = Debug|x64
		{C1918942-3756-4F6C-B8C3-F7D24BA676CA}.Debug|x86.ActiveCfg = Debug|Win32
		{C1918942-3756-4F6C-B8C3-F7D24BA676CA}.Debug|x86.Build.0 = Debug|Win32
		{C1918942-3756-4F6C-B8C3-F7D24BA676CA}.Release|x64.ActiveCfg = Release|x64
		{C1918942-3756-4F6C-B8C3-F7D24BA676CA}.Release|x64.Build.0 = Release|x64
		{C1918942-3756-4F6C-B8C3-F7D24BA676CA}.Release|x86.ActiveCfg = Release|Win32
		{C1918942-3756-4F6C-B8C3-F7D24BA676CA}.Release|x86.Build.0 = Release|Win32
		{365B1819-081E-44B5-BFB9-DFD3917C93A1}.Debug|x64.ActiveCfg = Debug|x64
		{365B1819-081E-44B5-BFB9-DFD3917C93A1}.Debug|x64.Build.0 = Debug|x64
		{365B1819-081E-44B5-BFB9-DFD3917C93A1}.Debug|x86.ActiveCfg = Debug|Win32
		{365B1819-081E-44B5-BFB9-DFD3917C93A1}.Debug|x86.Build.0 = Debug|Win32
		{365B1819-081E-44B5-BFB9-DFD3917C93A1}.Release|x64.ActiveCfg = Release|x64
		{365B1819-081E-44B5-BFB9-DFD3917C93A1}.Release|x64.Build.0 = Release|x64
		{365B1819-081E-44B5-BFB9-DFD3917C93A1}.Release|x86.ActiveCfg = Release|Win32
		{365B1819-081E-44B5-BFB9-DFD3917C93A1}.Release|x86.Build.0 = Release|Win32
		{7FED2849-16C7-4E3E-B2ED-A2BCAEA11E7D}.Debug|x64.ActiveCfg = Debug|x64
		{7FED2849-16C7-4E3E-B2ED-A2BCAEA11E7D}.Debug|x64.Build.0 = Debug|x64
		{7FED2849-16C7-4E3E-B2ED-A2BCAEA11E7D}.Debug|x86.ActiveCfg = Debug|Win32
		{7FED2849-16C7-4E3E-B2ED-A2BCAEA11E7D}.Debug|x86.Build.0 = Debug|Win32
		{7FED2849-16C7-4E3E-B2ED-A2BCAEA11E7D}.Release|x64.ActiveCfg = Release|x64
		{7FED2849-16C7-4E3E-B2ED-A2BCAEA11E7D}.Release|x64.Build.0 = Release|x64
		{7FED2849-16C7-4E3E-B2ED-A2BCAEA11E7D}.Release|x86.ActiveCfg = Release|Win32
		{7FED2849-16C7-4E3E-B2ED-A2BCAEA11E7D}.Release|x86.Build.0 = Release|Win32
		{50D855D5-B7BB-4348-9900-E76C2C9D2DBA}.Debug|x64.ActiveCfg = Debug|x64
		{50D855D5-B7BB-4348-9900-E76C2C9D2DBA}.Debug|x64.Build.0 = Debug|x64
		{50D855D5-B7BB-4348-9900-E76C2C9D2DBA}.Debug|x86.ActiveCfg = Debug|Win32
		{50D855D5-B7BB-4348-9900-E76C2C9D2DBA}.Debug|x86.Build.0 = Debug|Win32
		{50D855D5-B7BB-4348-9900-E76C2C9D2DBA}.Release|x64.ActiveCfg = Release|x64
		{50D855D5-B7BB-4348-9900-E76C2C9D2DBA}.Release|x64.Build.0 = Release|x64
		{50D855D5-B7BB-4348-9900-E76C2C9D2DBA}.Release|x86.ActiveCfg = Release|Win32
		{50D855D5-B7BB-4348-9900-E76C2C9D2DBA}.Release|x86.Build.0 = Release|Win32
		{CD9B5F47-3BD1-46C9-A9A8-1F1897DF1AC2}.Debug|x64.ActiveCfg = Debug|x64
		{CD9B5F47-3BD1-46C9-A9A8-1F1897DF1AC2}.Debug|x64.Build.0 = Debug|x64
		{CD9B5F47-3BD1-46C9-A9A8-1F1897DF1AC2}.Debug|x86.ActiveCfg = Debug|Win32
		{CD9B5F47-3BD1-46C9-A9A8-1F1897DF1AC2}.Debug|x86.Build.0 = Debug|Win32
		{CD9B5F47-3BD1-46C9-A9A8-1F1897DF1AC2}.Release|x64.ActiveCfg = Release|x64
		{CD9B5F47-3BD1-46C9-A9A8-1F1897DF1AC2}.Release|x64.Build.0 = Release|x64
		{CD9B5F47-3BD1-46C9-A9A8-1F1897DF1AC2}.Release|x86.ActiveCfg = Release|Win32
		{CD9B5F47-3BD1-46C9-A9A8-1F1897DF1AC2}.Release|x86.Build.0 = Release|Win32
		{4391D029-FE98-41C2-A937-8DFD78CB676C}.Debug|x64.ActiveCfg = Debug|x64
		{4391D029-FE98-41C2-A937-8DFD78CB676C}.Debug|x64.Build.0 = Debug|x64
		{4391D029-FE98-41C2-A937-8DFD78CB676C}.Debug|x86.ActiveCfg = Debug|Win32
		{4391D029-FE98-41C2-A937-8DFD78CB676C}.Debug|x86.Build.0 = Debug|Win32
		{4391D029-FE98-41C2-A937-8DFD78CB676C}.Release|x64.ActiveCfg = Release|x64
		{4391D029-FE98-41C2-A937-8DFD78CB676C}.Release|x64.Build.0 = Release|x64
		{4391D029-FE98-41C2-A937-8DFD78CB676C}.Release|x86.ActiveCfg = Release|Win32
		{4391D029-FE98-41C2-A937-8DFD78CB676C}.Release|x86.Build.0 = Release|Win32
		{C31356C3-C450-4329-B5F6-12F87BBE5130}.Debug|x64.ActiveCfg = Debug|x64
		{C31356C3-C450-4329-B5F6-12F87BBE5130}.Debug|x64.Build.0 = Debug|x64
		{C31356C3-C450-4329-B5F6-12F87BBE5130}.Debug|x86.ActiveCfg = Debug|Win32
		{C31356C3-C450-4329-B5F6-12F87BBE5130}.Debug|x86.Build.0 = Debug|Win32
		{C31356C3-C450-4329-B5F6-12F87BBE5130}.Release|x64.ActiveCfg = Release|x64
		{C31356C3-C450-4329-B5F6-12F87BBE5130}.Release|x64.Build.0 = Release|x64
		{C31356C3-C450-4329-B5F6-12F87BBE5130}.Release|x86.ActiveCfg = Release|Win32
		{C31356C3-C450-4329-B5F6-12F87BBE5130}.Release|x86.Build.0 = Release|Win32
		{7B649354-58A7-4ACE-83FC-6428CB2B59B0}.Debug|x64.ActiveCfg = Debug|x64
		{7B649354-58A7-4ACE-83FC-6428CB2B59B0}.Debug|x64.Build.0 = Debug|x64
		{7B649354-58A7-4ACE-83FC-6428CB2B59B0}.Debug|x86.ActiveCfg = Debug|Win32
		{7B649354-58A7-4ACE-83FC-6428CB2B59B0}.Debug|x86.Build.0 = Debug|Win32
		{7B649354-58A7-4ACE-83FC-6428CB2B59B0}.Release|x64.ActiveCfg = Release|x64
		{7B649354-58A7-4ACE-83FC-6428CB2B59B0}.Release|x64.Build.0 = Release|x64
		{7B649354-58A7-4ACE-83FC-6428CB2B59B0}.Release|x86.ActiveCfg = Release|Win32
		{7B649354-58A7-4ACE-83FC-6428CB2B59B0}.Release|x86.Build.0 = Release|Win32
		{24EF5405-EDFA-4293-9C75-B4B8111F24A7}.Debug|x64.ActiveCfg = Debug|x64
		{24EF5405-EDFA-4293-9C75-B4B8111F24A7}.Debug|x64.Build.0 = Debug|x64
		{24EF5405-EDFA-4293-9C75-B4B8111F24A7}.Debug|x86.ActiveCfg = Debug|Win32
		{24EF5405-EDFA-4293-9C75-B4B8111F24A7}.Debug|x86.Build.0 = Debug|Win32
		{24EF5405-EDFA-4293-9C75-B4B8111F24A7}.Release|x64.ActiveCfg = Release|x64
		{24EF5405-EDFA-4293-9C75-B4B8111F24A7}.Release|x64.Build.0 = Release|x64
		{24EF5405-EDFA-4293-9C75-B4B8111F24A7}.Release|x86.ActiveCfg = Release|Win32
		{24EF5405-EDFA-4293-9C75-B4B8111F24A7}.Release|x86.Build.0 = Release|Win32
		{3EDD2B97-5D60-4ED4-AF61-5A4C18F455AD}.Debug|x64.ActiveCfg = Debug|x64
		{3EDD2B97-5D60-4ED4-AF61-5A4C18F455AD}.Debug|x64.Build.0 = Debug|x64
		{3EDD2B97-5D60-4ED4-AF61-5A4C18F455AD}.Debug|x86.ActiveCfg = Debug|Win32
		{3EDD2B97-5D60-4ED4-AF61-5A4C18F455AD}.Debug|x86.Build.0 = Debug|Win32
		{3EDD2B97-5D60-4ED4-AF61-5A4C18F455AD}.Release|x64.ActiveCfg = Release|x64
		{3EDD2B97-5D60-4ED4-AF61-5A4C18F455AD}.Release|x64.Build.0 = Release|x64
		{3EDD2B97-5D60-4ED4-AF61-5A4C18F455AD}.Release|x86.ActiveCfg = Release|Win32
		{3EDD2B97-5D60-4ED4-AF61-5A4C18F455AD}.Release|x86.Build.0 = Release|Win32
		{39C0BE66-069D-4613-9AAE-4E43F4077052}.Debug|x64.ActiveCfg = Debug|x64
		{39C0BE66-069D-4613-9AAE-4E43F4077052}.Debug|x64.Build.0 = Debug|x64
		{39C0BE66-069D-4613-9AAE-4E43F4077052}.Debug|x86.ActiveCfg = Debug|Win32
		{39C0BE66-069D-4613-9AAE-4E43F4077052}.Debug|x86.Build.0 = Debug|Win32
		{39C0BE66-069D-4613-9AAE-4E43F4077052}.Release|x64.ActiveCfg = Release|x64
		{39C0BE66-069D-4613-9AAE-4E43F4077052}.Release|x64.Build.0 = Release|x64
		{39C0BE66-069D-4613-9AAE-4E43F4077052}.Release|x86.ActiveCfg = Release|Win32
		{39C0BE66-069D-4613-9AAE-4E43F4077052}.Release|x86.Build.0 = Release|Win32
		{E67D4B2D-A1E7-45AB-83E9-04F53B19E352}.Debug|x64.ActiveCfg = Debug|x64
		{E67D4B2D-A1E7-45AB-83E9-04F53B19E352}.Debug|x64.Build.0 = Debug|x64
		{E67D4B2D-A1E7-45AB-83E9-04F53B19E352}.Debug|x86.ActiveCfg = Debug|Win32
		{E67D4B2D-A1E7-45AB-83E9-04F53B19E352}.Debug|x86.Build.0 = Debug|Win32
		{E67D4B2D-A1E7-45AB-83E9-04F53B19E352}.Release|x64.ActiveCfg = Release|x64
		{E67D4B2D-A1E7-45AB-83E9-04F53B19E352}.Release|x64.Build.0 = Release|x64
		{E67D4B2D-A1E7-45AB-83E9-04F53B19E352}.Release|x86.ActiveCfg = Release|Win32
		{E67D4B2D-A1E7-45AB-83E9-04F53B19E352}.Release|x86.Build.0 = Release|Win32
		{8CA0D1F8-EF6D-4498-A186-6446564F712B}.Debug|x64.ActiveCfg = Debug|x64
		{8CA0D1F8-EF6D-4498-A186-6446564F712B}.Debug|x64.Build.0 = Debug|x64
		{8CA0D1F8-EF6D-4498-A186-6446564F712B}.Debug|x86.ActiveCfg = Debug|Win32
		{8CA0D1F8-EF6D-4498-A186-6446564F712B}.Debug|x86.Build.0 = Debug|Win32
		{8CA0D1F8-EF6D-4498-A186-6446564F712B}.Release|x64.ActiveCfg = Release|x64
		{8CA0D1F8-EF6D-4498-A186-6446564F712B}.Release|x64.Build.0 = Release|x64
		{8CA0D1F8-EF6D-4498-A186-6446564F712B}.Release|x86.ActiveCfg = Release|Win32
		{8CA0D1F8-EF6D-4498-A186-6446564F712B}.Release|x86.Build.0 = Release|Win32
		{566D5CBE-777B-4F08-9736-721CAB4CDF11}.Debug|x64.ActiveCfg = Debug|x64
		{566D5CBE-777B-4F08-9736-721CAB4CDF11}.Debug|x64.Build.0 = Debug|x64
		{566D5CBE-777B-4F08-9736-721CAB4CDF11}.Debug|x86.ActiveCfg = Debug|Win32
		{566D5CBE-777B-4F08-9736-721CAB4CDF11}.Debug|x86.Build.0 = Debug|Win32
		{566D5CBE-777B-4F08-9736-721CAB4CDF11}.Release|x64.ActiveCfg = Release|x64
		{566D5CBE-777B-4F08-9736-721CAB4CDF11}.Release|x64.Build.0 = Release|x64
		{566D5CBE-777B-4F08-9736-721CAB4CDF11}.Release|x86.ActiveCfg = Release|Win32
		{566D5CBE-777B-4F08-9736-721CAB4CDF11}.Release|x86.Build.0 = Release|Win32
		{74E471CB-1F6E-4A97-AF7E-5587FA569749}.Debug|x64.ActiveCfg = Debug|x64
		{74E471CB-1F6E-4A97-AF7E-5587FA569749}.Debug|x64.Build.0 = Debug|x64
		{74E471CB-1F6E-4A97-AF7E-5587FA569749}.Debug|x86.ActiveCfg = Debug|Win32
		{74E471CB-1F6E-4A97-AF7E-5587FA569749}.Debug|x86.Build.0 = Debug|Win32
		{74E471CB-1F6E-4A97-AF7E-5587FA569749}.Release|x64.ActiveCfg = Release|x64
		{74E471CB-1F6E-4A97-AF7E-5587FA569749}.Release|x64.Build.0 = Release|x64
		{74E471CB-1F6E-4A97-AF7E-5587FA569749}.Release|x86.ActiveCfg = Release|Win32
		{74E471CB-1F6E-4A97-AF7E-5587FA569749}.Release|x86.Build.0 = Release|Win32
		{1EDCE03F-95C7-4999-8088-9E3B1250D9EB}.Debug|x64.ActiveCfg = Debug|x64
		{1EDCE03F-95C7-4999-8088-9E3B1250D9EB}.Debug|x64.Build.0 = Debug|x64
		{1EDCE03F-95C7-4999-8088-9E3B1250D9EB}.Debug|x86.ActiveCfg = Debug|Win32
		{1EDCE03F-95C7-4999-8088-9E3B1250D9EB}.Debug|x86.Build.0 = Debug|Win32
		{1EDCE03F-95C7-4999-8088-9E3B1250D9EB}.Release|x64.ActiveCfg = Release|x64
		{1EDCE03F-95C7-4999-8088-9E3B1250D9EB}.Release|x64.Build.0 = Release|x64
		{1EDCE03F-95C7-4999-8088-9E3B1250D9EB}.Release|x86.ActiveCfg = Release|Win32
		{1EDCE03F-95C7-4999-8088-9E3B1250D9EB}.Release|x86.Build.0 = Release|Win32
		{C9EB38E5-54A8-44B9-9C9A-33496479D812}.Debug|x64.ActiveCfg = Debug|x64
		{C9EB38E5-54A8-44B9-9C9A-33496479D812}.Debug|x64.Build.0 = Debug|x64
		{C9EB38E5-54A8-44B9-9C9A-33496479D812}.Debug|x86.ActiveCfg = Debug|Win32
		{C9EB38E5-54A8-44B9-9C9A-33496479D812}.Debug|x86.Build.0 = Debug|Win32
		{C9EB38E5-54A8-44B9-9C9A-33496479D812}.Release|x64.ActiveCfg = Release|x64
		{C9EB38E5-54A8-44B9-9C9A-33496479D812}.Release|x64.Build.0 = Release|x64
		{C9EB38E5-54A8-44B9-9C9A-33496479D812}.Release|x86.ActiveCfg = Release|Win32
		{C9EB38E5-54A8-44B9-9C9A-33496479D812}.Release|x86.Build.0 = Release|Win32
		{294182DD-E35C-40EA-BEF0-91B2BB2E1ECA}.Debug|x64.ActiveCfg = Debug|x64
		{294182DD-E35C-40EA-BEF0-91B2BB2E1ECA}.Debug|x64.Build.0 = Debug|x64
		{294182DD-E35C-40EA-BEF0-91B2BB2E1ECA}.Debug|x86.ActiveCfg = Debug|Win32
		{294182DD-E35C-40EA-BEF0-91B2BB2E1ECA}.Debug|x86.Build.0 = Debug|Win32
		{294182DD-E35C-40EA-BEF0-91B2BB2E1ECA}.Release|x64.ActiveCfg = Release|x64
		{294182DD-E35C-40EA-BEF0-91B2BB2E1ECA}.Release|x64.Build.0 = Release|x64
		{294182DD-E35C-40EA-BEF0-91B2BB2E1ECA}.Release|x86.ActiveCfg = Release|Win32
		{294182DD-E35C-40EA-BEF0-91B2BB2E1ECA}.Release|x86.Build.0 = Release|Win32
		{D11D4D8F-F510-4D1C-8C3D-6DF375B307D2}.Debug|x64.ActiveCfg = Debug|x64
		{D11D4D8F-F510-4D1C-8C3D-6DF375B307D2}.Debug|x64.Build.0 = Debug|x64
		{D11D4D8F-F510-4D1C-8C3D-6DF375B307D2}.Debug|x86.ActiveCfg = Debug|Win32
		{D11D4D8F-F510-4D1C-8C3D-6DF375B307D2}.Debug|x86.Build.0 = Debug|Win32
		{D11D4D8F-F510-4D1C-8C3D-6DF375B307D2}.Release|x64.ActiveCfg = Release|x64
		{D11D4D8F-F510-4D1C-8C3D-6DF375B307D2}.Release|x64.Build.0 = Release|x64
		{D11D4D8F-F510-4D1C-8C3D-6DF375B307D2}.Release|x86.ActiveCfg = Release|Win32
		{D11D4D8F-F510-4D1C-8C3D-6DF375B307D2}.Release|x86.Build.0 = Release|Win32
		{78BC63ED-C603-4337-BA44-79F3E4C97F8B}.Debug|x64.ActiveCfg = Debug|x64
		{78BC63ED-C603-4337-BA44-79F3E4C97F8B}.Debug|x64.Build.0 = Debug|x64
		{78BC63ED-C603-4337-BA44-79F3E4C97F8B}.Debug|x86.ActiveCfg = Debug|Win32
		{78BC63ED-C603-4337-BA44-79F3E4C97F8B}.Debug|x86.Build.0 = Debug|Win32
		{78BC63ED-C603-4337-BA44-79F3E4C97F8B}.Release|x64.ActiveCfg = Release|x64
		{78BC63ED-C603-4337-BA44-79F3E4C97F8B}.Release|x64.Build.0 = Release|x64
		{78BC63ED-C603-4337-BA44-79F3E4C97F8B}.Release|x86.ActiveCfg = Release|Win32
		{78BC63ED-C603-4337-BA44-79F3E4C97F8B}.Release|x86.Build.0 = Release|Win32
		{1035ECAD-87AB-49D1-88F4-A3A555FCA775}.Debug|x64.ActiveCfg = Debug|x64
		{1035ECAD-87AB-49D1-88F4-A3A555FCA775}.Debug|x64.Build.0 = Debug|x64
		{1035ECAD-87AB-49D1-88F4-A3A555FCA775}.Debug|x86.ActiveCfg = Debug|Win32
		{1035ECAD-87AB-49D1-88F4-A3A555FCA775}.Debug|x86.Build.0 = Debug|Win32
		{1035ECAD-87AB-49D1-88F4-A3A555FCA775}.Release|x64.ActiveCfg = Release|x64
		{1035ECAD-87AB-49D1-88F4-A3A555FCA775}.Release|x64.Build.0 = Release|x64
		{1035ECAD-87AB-49D1-88F4-A3A555FCA775}.Release|x86.ActiveCfg = Release|Win32
		{1035ECAD-87AB-49D1-88F4-A3A555FCA775}.Release|x86.Build.0 = Release|Win32
	EndGlobalSection
	GlobalSection(SolutionProperties) = preSolution
		HideSolutionNode = FALSE
	EndGlobalSection
EndGlobal
